{
  "name": "music_searcher",
  "version": "1.0.0",
  "lockfileVersion": 2,
  "requires": true,
  "packages": {
    "": {
      "name": "music_searcher",
      "version": "1.0.0",
      "license": "MIT",
      "dependencies": {
        "fetch-json": "^2.2.9",
        "fetch-jsonp": "^1.1.3"
      }
    },
    "node_modules/fetch-json": {
      "version": "2.2.9",
      "resolved": "https://registry.npmjs.org/fetch-json/-/fetch-json-2.2.9.tgz",
      "integrity": "sha512-HZZ/tT6lA+m4pfMzYggI5ojtxLNdmq1xJx1DV9dSLqNxpEZ+QG84/stb/p8KOEpHIMFw2zkJz9fsl3abH0j1ng=="
    },
    "node_modules/fetch-jsonp": {
      "version": "1.1.3",
      "resolved": "https://registry.npmjs.org/fetch-jsonp/-/fetch-jsonp-1.1.3.tgz",
      "integrity": "sha1-nrnlhboIqvcAVjU40Xu+u81aPbI="
    }
  },
  "dependencies": {
    "fetch-json": {
      "version": "2.2.9",
      "resolved": "https://registry.npmjs.org/fetch-json/-/fetch-json-2.2.9.tgz",
      "integrity": "sha512-HZZ/tT6lA+m4pfMzYggI5ojtxLNdmq1xJx1DV9dSLqNxpEZ+QG84/stb/p8KOEpHIMFw2zkJz9fsl3abH0j1ng=="
    },
    "fetch-jsonp": {
      "version": "1.1.3",
      "resolved": "https://registry.npmjs.org/fetch-jsonp/-/fetch-jsonp-1.1.3.tgz",
      "integrity": "sha1-nrnlhboIqvcAVjU40Xu+u81aPbI="
    }
  }
}
